{
  "pins" : [
    {
      "identity" : "kingfisher",
      "kind" : "remoteSourceControl",
      "location" : "https://github.com/onevcat/Kingfisher.git",
      "state" : {
        "branch" : "version6-xcode13",
        "revision" : "d0494dd78f7adf2d3526fdf3267176553020c041"
      }
    },
    {
      "identity" : "swiftuix",
      "kind" : "remoteSourceControl",
      "location" : "https://github.com/SwiftUIX/SwiftUIX.git",
      "state" : {
        "branch" : "master",
        "revision" : "981991177f6e66c7014fef2410647034715ba303"
      }
    }
  ],
  "version" : 2
}
